{
  "originHash" : "a53a4d2d3b5e678e7f66d3726e65655cc239529a5c6322c6e115b917db0d6000",
  "pins" : [
    {
      "identity" : "grdb.swift",
      "kind" : "remoteSourceControl",
      "location" : "https://github.com/groue/GRDB.swift.git",
      "state" : {
        "revision" : "b83108d10f42680d78f23fe4d4d80fc88dab3212",
        "version" : "7.11.1"
      }
    },
    {
      "identity" : "langgraph-swift",
      "kind" : "remoteSourceControl",
      "location" : "https://github.com/bsorrentino/LangGraph-Swift.git",
      "state" : {
        "revision" : "d91c62aaa25e818f2667482c6edbe635a375ec45"
      }
    },
    {
      "identity" : "swiftmath",
      "kind" : "remoteSourceControl",
      "location" : "https://github.com/mgriebling/SwiftMath.git",
      "state" : {
        "revision" : "1d2c90827e9c3908269d810d055fb03b7da5fd53"
      }
    }
  ],
  "version" : 3
}
