{
  "originHash" : "d74a1d1d3c9e3ce4d0279ffbe0f0f83a895bad78cb3251ab212d020e4e82a58a",
  "pins" : [
    {
      "identity" : "grdb.swift",
      "kind" : "remoteSourceControl",
      "location" : "https://github.com/groue/GRDB.swift.git",
      "state" : {
        "revision" : "b83108d10f42680d78f23fe4d4d80fc88dab3212",
        "version" : "7.11.1"
      }
    },
    {
      "identity" : "langgraph-swift",
      "kind" : "remoteSourceControl",
      "location" : "https://github.com/bsorrentino/LangGraph-Swift.git",
      "state" : {
        "revision" : "d91c62aaa25e818f2667482c6edbe635a375ec45"
      }
    }
  ],
  "version" : 3
}
